
Microsoft Visual Studio Solution File, Format Version 12.00
# Visual Studio Version 17
VisualStudioVersion = 17.4.33213.308
MinimumVisualStudioVersion = 10.0.40219.1
Project("{9A19103F-16F7-4668-BE54-9A1E7A4F7556}") = "UnitTestScenarios.Fundamentals", "UnitTestScenarios.Fundamentals\UnitTestScenarios.Fundamentals.csproj", "{95ADD4AB-B0D4-4550-9E5E-FB7353FE8DA3}"
EndProject
Project("{9A19103F-16F7-4668-BE54-9A1E7A4F7556}") = "UnitTestScenarios.Fundamentals.Tests", "UnitTestScenarios.Fundamentals.Tests\UnitTestScenarios.Fundamentals.Tests.csproj", "{A56F126D-8FD2-44EC-BB13-39B661E66505}"
EndProject
Project("{FAE04EC0-301F-11D3-BF4B-00C04F79EFBC}") = "UnitTestScenarios.Mvc", "UnitTestScenarios.Mvc\UnitTestScenarios.Mvc.csproj", "{1A2B74FC-D16B-4CB1-A2D7-5367C6FE5BEE}"
EndProject
Project("{FAE04EC0-301F-11D3-BF4B-00C04F79EFBC}") = "UnitTestScenarios.Mvc.Tests", "UnitTestScenarios.Mvc.Tests\UnitTestScenarios.Mvc.Tests.csproj", "{C3A64660-4304-4BFC-897A-69AE33705707}"
EndProject
Global
	GlobalSection(SolutionConfigurationPlatforms) = preSolution
		Debug|Any CPU = Debug|Any CPU
		Release|Any CPU = Release|Any CPU
	EndGlobalSection
	GlobalSection(ProjectConfigurationPlatforms) = postSolution
		{95ADD4AB-B0D4-4550-9E5E-FB7353FE8DA3}.Debug|Any CPU.ActiveCfg = Debug|Any CPU
		{95ADD4AB-B0D4-4550-9E5E-FB7353FE8DA3}.Debug|Any CPU.Build.0 = Debug|Any CPU
		{95ADD4AB-B0D4-4550-9E5E-FB7353FE8DA3}.Release|Any CPU.ActiveCfg = Release|Any CPU
		{95ADD4AB-B0D4-4550-9E5E-FB7353FE8DA3}.Release|Any CPU.Build.0 = Release|Any CPU
		{A56F126D-8FD2-44EC-BB13-39B661E66505}.Debug|Any CPU.ActiveCfg = Debug|Any CPU
		{A56F126D-8FD2-44EC-BB13-39B661E66505}.Debug|Any CPU.Build.0 = Debug|Any CPU
		{A56F126D-8FD2-44EC-BB13-39B661E66505}.Release|Any CPU.ActiveCfg = Release|Any CPU
		{A56F126D-8FD2-44EC-BB13-39B661E66505}.Release|Any CPU.Build.0 = Release|Any CPU
		{1A2B74FC-D16B-4CB1-A2D7-5367C6FE5BEE}.Debug|Any CPU.ActiveCfg = Debug|Any CPU
		{1A2B74FC-D16B-4CB1-A2D7-5367C6FE5BEE}.Debug|Any CPU.Build.0 = Debug|Any CPU
		{1A2B74FC-D16B-4CB1-A2D7-5367C6FE5BEE}.Release|Any CPU.ActiveCfg = Release|Any CPU
		{1A2B74FC-D16B-4CB1-A2D7-5367C6FE5BEE}.Release|Any CPU.Build.0 = Release|Any CPU
		{C3A64660-4304-4BFC-897A-69AE33705707}.Debug|Any CPU.ActiveCfg = Debug|Any CPU
		{C3A64660-4304-4BFC-897A-69AE33705707}.Debug|Any CPU.Build.0 = Debug|Any CPU
		{C3A64660-4304-4BFC-897A-69AE33705707}.Release|Any CPU.ActiveCfg = Release|Any CPU
		{C3A64660-4304-4BFC-897A-69AE33705707}.Release|Any CPU.Build.0 = Release|Any CPU
	EndGlobalSection
	GlobalSection(SolutionProperties) = preSolution
		HideSolutionNode = FALSE
	EndGlobalSection
	GlobalSection(ExtensibilityGlobals) = postSolution
		SolutionGuid = {F57D407B-344A-43CE-AE34-BEE80104A70F}
	EndGlobalSection
EndGlobal
